// !$*UTF8*$!
{
	archiveVersion = 1;
	classes = {
	};
	objectVersion = 46;
	objects = {

/* Begin PBXBuildFile section */
		FE07C2911974AE7100F1A4BF /* TableView1Controller.swift in Sources */ = {isa = PBXBuildFile; fileRef = FE07C2901974AE7100F1A4BF /* TableView1Controller.swift */; };
		FE6BA869196A812D0053E823 /* AppDelegate.swift in Sources */ = {isa = PBXBuildFile; fileRef = FE6BA868196A812D0053E823 /* AppDelegate.swift */; };
		FE6BA86C196A812D0053E823 /* RFL4.xcdatamodeld in Sources */ = {isa = PBXBuildFile; fileRef = FE6BA86A196A812D0053E823 /* RFL4.xcdatamodeld */; };
		FE6BA86E196A812D0053E823 /* ViewController.swift in Sources */ = {isa = PBXBuildFile; fileRef = FE6BA86D196A812D0053E823 /* ViewController.swift */; };
		FE6BA871196A812D0053E823 /* Main_iPad.storyboard in Resources */ = {isa = PBXBuildFile; fileRef = FE6BA86F196A812D0053E823 /* Main_iPad.storyboard */; };
		FE6BA873196A812D0053E823 /* Images.xcassets in Resources */ = {isa = PBXBuildFile; fileRef = FE6BA872196A812D0053E823 /* Images.xcassets */; };
		FE6BA87F196A812D0053E823 /* RFL4Tests.swift in Sources */ = {isa = PBXBuildFile; fileRef = FE6BA87E196A812D0053E823 /* RFL4Tests.swift */; };
		FE6BA88E196BD7C80053E823 /* HttpJsonClient.swift in Sources */ = {isa = PBXBuildFile; fileRef = FE6BA889196A81680053E823 /* HttpJsonClient.swift */; };
		FE6BA892196BDE730053E823 /* MAHttpClient.m in Sources */ = {isa = PBXBuildFile; fileRef = FE6BA891196BDE730053E823 /* MAHttpClient.m */; };
		FE6BA894196E8B0D0053E823 /* RFLSystem.swift in Sources */ = {isa = PBXBuildFile; fileRef = FE6BA893196E8B0D0053E823 /* RFLSystem.swift */; };
		FEF0657619764155000F821F /* NSData+Base64.m in Sources */ = {isa = PBXBuildFile; fileRef = FEF0657519764155000F821F /* NSData+Base64.m */; };
/* End PBXBuildFile section */

/* Begin PBXContainerItemProxy section */
		FE6BA879196A812D0053E823 /* PBXContainerItemProxy */ = {
			isa = PBXContainerItemProxy;
			containerPortal = FE6BA85B196A812D0053E823 /* Project object */;
			proxyType = 1;
			remoteGlobalIDString = FE6BA862196A812D0053E823;
			remoteInfo = RFL4;
		};
/* End PBXContainerItemProxy section */

/* Begin PBXFileReference section */
		FE07C2901974AE7100F1A4BF /* TableView1Controller.swift */ = {isa = PBXFileReference; fileEncoding = 4; lastKnownFileType = sourcecode.swift; path = TableView1Controller.swift; sourceTree = "<group>"; };
		FE6BA863196A812D0053E823 /* RFL4.app */ = {isa = PBXFileReference; explicitFileType = wrapper.application; includeInIndex = 0; path = RFL4.app; sourceTree = BUILT_PRODUCTS_DIR; };
		FE6BA867196A812D0053E823 /* Info.plist */ = {isa = PBXFileReference; lastKnownFileType = text.plist.xml; path = Info.plist; sourceTree = "<group>"; };
		FE6BA868196A812D0053E823 /* AppDelegate.swift */ = {isa = PBXFileReference; lastKnownFileType = sourcecode.swift; path = AppDelegate.swift; sourceTree = "<group>"; };
		FE6BA86B196A812D0053E823 /* RFL4.xcdatamodel */ = {isa = PBXFileReference; lastKnownFileType = wrapper.xcdatamodel; path = RFL4.xcdatamodel; sourceTree = "<group>"; };
		FE6BA86D196A812D0053E823 /* ViewController.swift */ = {isa = PBXFileReference; lastKnownFileType = sourcecode.swift; path = ViewController.swift; sourceTree = "<group>"; };
		FE6BA870196A812D0053E823 /* Base */ = {isa = PBXFileReference; lastKnownFileType = file.storyboard; name = Base; path = Base.lproj/Main_iPad.storyboard; sourceTree = "<group>"; };
		FE6BA872196A812D0053E823 /* Images.xcassets */ = {isa = PBXFileReference; lastKnownFileType = folder.assetcatalog; path = Images.xcassets; sourceTree = "<group>"; };
		FE6BA878196A812D0053E823 /* RFL4Tests.xctest */ = {isa = PBXFileReference; explicitFileType = wrapper.cfbundle; includeInIndex = 0; path = RFL4Tests.xctest; sourceTree = BUILT_PRODUCTS_DIR; };
		FE6BA87D196A812D0053E823 /* Info.plist */ = {isa = PBXFileReference; lastKnownFileType = text.plist.xml; path = Info.plist; sourceTree = "<group>"; };
		FE6BA87E196A812D0053E823 /* RFL4Tests.swift */ = {isa = PBXFileReference; lastKnownFileType = sourcecode.swift; path = RFL4Tests.swift; sourceTree = "<group>"; };
		FE6BA889196A81680053E823 /* HttpJsonClient.swift */ = {isa = PBXFileReference; fileEncoding = 4; lastKnownFileType = sourcecode.swift; path = HttpJsonClient.swift; sourceTree = "<group>"; };
		FE6BA88B196A87D10053E823 /* CFNetwork.framework */ = {isa = PBXFileReference; lastKnownFileType = wrapper.framework; name = CFNetwork.framework; path = System/Library/Frameworks/CFNetwork.framework; sourceTree = SDKROOT; };
		FE6BA88F196BDE720053E823 /* RFL4-Bridging-Header.h */ = {isa = PBXFileReference; lastKnownFileType = sourcecode.c.h; path = "RFL4-Bridging-Header.h"; sourceTree = "<group>"; };
		FE6BA890196BDE730053E823 /* MAHttpClient.h */ = {isa = PBXFileReference; fileEncoding = 4; lastKnownFileType = sourcecode.c.h; path = MAHttpClient.h; sourceTree = "<group>"; };
		FE6BA891196BDE730053E823 /* MAHttpClient.m */ = {isa = PBXFileReference; fileEncoding = 4; lastKnownFileType = sourcecode.c.objc; path = MAHttpClient.m; sourceTree = "<group>"; };
		FE6BA893196E8B0D0053E823 /* RFLSystem.swift */ = {isa = PBXFileReference; fileEncoding = 4; lastKnownFileType = sourcecode.swift; path = RFLSystem.swift; sourceTree = "<group>"; };
		FEF0657419764155000F821F /* NSData+Base64.h */ = {isa = PBXFileReference; fileEncoding = 4; lastKnownFileType = sourcecode.c.h; path = "NSData+Base64.h"; sourceTree = "<group>"; };
		FEF0657519764155000F821F /* NSData+Base64.m */ = {isa = PBXFileReference; fileEncoding = 4; lastKnownFileType = sourcecode.c.objc; path = "NSData+Base64.m"; sourceTree = "<group>"; };
/* End PBXFileReference section */

/* Begin PBXFrameworksBuildPhase section */
		FE6BA860196A812D0053E823 /* Frameworks */ = {
			isa = PBXFrameworksBuildPhase;
			buildActionMask = 2147483647;
			files = (
			);
			runOnlyForDeploymentPostprocessing = 0;
		};
		FE6BA875196A812D0053E823 /* Frameworks */ = {
			isa = PBXFrameworksBuildPhase;
			buildActionMask = 2147483647;
			files = (
			);
			runOnlyForDeploymentPostprocessing = 0;
		};
/* End PBXFrameworksBuildPhase section */

/* Begin PBXGroup section */
		FE07C28F1974ADFA00F1A4BF /* View */ = {
			isa = PBXGroup;
			children = (
				FE07C2901974AE7100F1A4BF /* TableView1Controller.swift */,
			);
			name = View;
			sourceTree = "<group>";
		};
		FE6BA85A196A812D0053E823 = {
			isa = PBXGroup;
			children = (
				FE6BA88D196A88410053E823 /* Frameworks */,
				FE6BA865196A812D0053E823 /* RFL4 */,
				FE6BA87B196A812D0053E823 /* RFL4Tests */,
				FE6BA864196A812D0053E823 /* Products */,
			);
			sourceTree = "<group>";
		};
		FE6BA864196A812D0053E823 /* Products */ = {
			isa = PBXGroup;
			children = (
				FE6BA863196A812D0053E823 /* RFL4.app */,
				FE6BA878196A812D0053E823 /* RFL4Tests.xctest */,
			);
			name = Products;
			sourceTree = "<group>";
		};
		FE6BA865196A812D0053E823 /* RFL4 */ = {
			isa = PBXGroup;
			children = (
				FE07C28F1974ADFA00F1A4BF /* View */,
				FE6BA888196A81550053E823 /* Library */,
				FE6BA868196A812D0053E823 /* AppDelegate.swift */,
				FE6BA86D196A812D0053E823 /* ViewController.swift */,
				FE6BA86F196A812D0053E823 /* Main_iPad.storyboard */,
				FE6BA872196A812D0053E823 /* Images.xcassets */,
				FE6BA86A196A812D0053E823 /* RFL4.xcdatamodeld */,
				FE6BA866196A812D0053E823 /* Supporting Files */,
			);
			path = RFL4;
			sourceTree = "<group>";
		};
		FE6BA866196A812D0053E823 /* Supporting Files */ = {
			isa = PBXGroup;
			children = (
				FE6BA867196A812D0053E823 /* Info.plist */,
			);
			name = "Supporting Files";
			sourceTree = "<group>";
		};
		FE6BA87B196A812D0053E823 /* RFL4Tests */ = {
			isa = PBXGroup;
			children = (
				FE6BA87E196A812D0053E823 /* RFL4Tests.swift */,
				FE6BA87C196A812D0053E823 /* Supporting Files */,
			);
			path = RFL4Tests;
			sourceTree = "<group>";
		};
		FE6BA87C196A812D0053E823 /* Supporting Files */ = {
			isa = PBXGroup;
			children = (
				FE6BA87D196A812D0053E823 /* Info.plist */,
			);
			name = "Supporting Files";
			sourceTree = "<group>";
		};
		FE6BA888196A81550053E823 /* Library */ = {
			isa = PBXGroup;
			children = (
				FE6BA88F196BDE720053E823 /* RFL4-Bridging-Header.h */,
				FE6BA890196BDE730053E823 /* MAHttpClient.h */,
				FE6BA891196BDE730053E823 /* MAHttpClient.m */,
				FEF0657419764155000F821F /* NSData+Base64.h */,
				FEF0657519764155000F821F /* NSData+Base64.m */,
				FE6BA889196A81680053E823 /* HttpJsonClient.swift */,
				FE6BA893196E8B0D0053E823 /* RFLSystem.swift */,
			);
			name = Library;
			sourceTree = "<group>";
		};
		FE6BA88D196A88410053E823 /* Frameworks */ = {
			isa = PBXGroup;
			children = (
				FE6BA88B196A87D10053E823 /* CFNetwork.framework */,
			);
			name = Frameworks;
			sourceTree = "<group>";
		};
/* End PBXGroup section */

/* Begin PBXNativeTarget section */
		FE6BA862196A812D0053E823 /* RFL4 */ = {
			isa = PBXNativeTarget;
			buildConfigurationList = FE6BA882196A812E0053E823 /* Build configuration list for PBXNativeTarget "RFL4" */;
			buildPhases = (
				FE6BA85F196A812D0053E823 /* Sources */,
				FE6BA860196A812D0053E823 /* Frameworks */,
				FE6BA861196A812D0053E823 /* Resources */,
			);
			buildRules = (
			);
			dependencies = (
			);
			name = RFL4;
			productName = RFL4;
			productReference = FE6BA863196A812D0053E823 /* RFL4.app */;
			productType = "com.apple.product-type.application";
		};
		FE6BA877196A812D0053E823 /* RFL4Tests */ = {
			isa = PBXNativeTarget;
			buildConfigurationList = FE6BA885196A812E0053E823 /* Build configuration list for PBXNativeTarget "RFL4Tests" */;
			buildPhases = (
				FE6BA874196A812D0053E823 /* Sources */,
				FE6BA875196A812D0053E823 /* Frameworks */,
				FE6BA876196A812D0053E823 /* Resources */,
			);
			buildRules = (
			);
			dependencies = (
				FE6BA87A196A812D0053E823 /* PBXTargetDependency */,
			);
			name = RFL4Tests;
			productName = RFL4Tests;
			productReference = FE6BA878196A812D0053E823 /* RFL4Tests.xctest */;
			productType = "com.apple.product-type.bundle.unit-test";
		};
/* End PBXNativeTarget section */

/* Begin PBXProject section */
		FE6BA85B196A812D0053E823 /* Project object */ = {
			isa = PBXProject;
			attributes = {
				LastUpgradeCheck = 0600;
				ORGANIZATIONNAME = gin_liquor;
				TargetAttributes = {
					FE6BA862196A812D0053E823 = {
						CreatedOnToolsVersion = 6.0;
						DevelopmentTeam = GDY56459T9;
					};
					FE6BA877196A812D0053E823 = {
						CreatedOnToolsVersion = 6.0;
						TestTargetID = FE6BA862196A812D0053E823;
					};
				};
			};
			buildConfigurationList = FE6BA85E196A812D0053E823 /* Build configuration list for PBXProject "RFL4" */;
			compatibilityVersion = "Xcode 3.2";
			developmentRegion = English;
			hasScannedForEncodings = 0;
			knownRegions = (
				en,
				Base,
			);
			mainGroup = FE6BA85A196A812D0053E823;
			productRefGroup = FE6BA864196A812D0053E823 /* Products */;
			projectDirPath = "";
			projectRoot = "";
			targets = (
				FE6BA862196A812D0053E823 /* RFL4 */,
				FE6BA877196A812D0053E823 /* RFL4Tests */,
			);
		};
/* End PBXProject section */

/* Begin PBXResourcesBuildPhase section */
		FE6BA861196A812D0053E823 /* Resources */ = {
			isa = PBXResourcesBuildPhase;
			buildActionMask = 2147483647;
			files = (
				FE6BA871196A812D0053E823 /* Main_iPad.storyboard in Resources */,
				FE6BA873196A812D0053E823 /* Images.xcassets in Resources */,
			);
			runOnlyForDeploymentPostprocessing = 0;
		};
		FE6BA876196A812D0053E823 /* Resources */ = {
			isa = PBXResourcesBuildPhase;
			buildActionMask = 2147483647;
			files = (
			);
			runOnlyForDeploymentPostprocessing = 0;
		};
/* End PBXResourcesBuildPhase section */

/* Begin PBXSourcesBuildPhase section */
		FE6BA85F196A812D0053E823 /* Sources */ = {
			isa = PBXSourcesBuildPhase;
			buildActionMask = 2147483647;
			files = (
				FE07C2911974AE7100F1A4BF /* TableView1Controller.swift in Sources */,
				FE6BA88E196BD7C80053E823 /* HttpJsonClient.swift in Sources */,
				FE6BA86E196A812D0053E823 /* ViewController.swift in Sources */,
				FE6BA869196A812D0053E823 /* AppDelegate.swift in Sources */,
				FE6BA894196E8B0D0053E823 /* RFLSystem.swift in Sources */,
				FEF0657619764155000F821F /* NSData+Base64.m in Sources */,
				FE6BA86C196A812D0053E823 /* RFL4.xcdatamodeld in Sources */,
				FE6BA892196BDE730053E823 /* MAHttpClient.m in Sources */,
			);
			runOnlyForDeploymentPostprocessing = 0;
		};
		FE6BA874196A812D0053E823 /* Sources */ = {
			isa = PBXSourcesBuildPhase;
			buildActionMask = 2147483647;
			files = (
				FE6BA87F196A812D0053E823 /* RFL4Tests.swift in Sources */,
			);
			runOnlyForDeploymentPostprocessing = 0;
		};
/* End PBXSourcesBuildPhase section */

/* Begin PBXTargetDependency section */
		FE6BA87A196A812D0053E823 /* PBXTargetDependency */ = {
			isa = PBXTargetDependency;
			target = FE6BA862196A812D0053E823 /* RFL4 */;
			targetProxy = FE6BA879196A812D0053E823 /* PBXContainerItemProxy */;
		};
/* End PBXTargetDependency section */

/* Begin PBXVariantGroup section */
		FE6BA86F196A812D0053E823 /* Main_iPad.storyboard */ = {
			isa = PBXVariantGroup;
			children = (
				FE6BA870196A812D0053E823 /* Base */,
			);
			name = Main_iPad.storyboard;
			sourceTree = "<group>";
		};
/* End PBXVariantGroup section */

/* Begin XCBuildConfiguration section */
		FE6BA880196A812E0053E823 /* Debug */ = {
			isa = XCBuildConfiguration;
			buildSettings = {
				ALWAYS_SEARCH_USER_PATHS = NO;
				CLANG_CXX_LANGUAGE_STANDARD = "gnu++0x";
				CLANG_CXX_LIBRARY = "libc++";
				CLANG_ENABLE_MODULES = YES;
				CLANG_ENABLE_OBJC_ARC = YES;
				CLANG_WARN_BOOL_CONVERSION = YES;
				CLANG_WARN_CONSTANT_CONVERSION = YES;
				CLANG_WARN_DIRECT_OBJC_ISA_USAGE = YES_ERROR;
				CLANG_WARN_EMPTY_BODY = YES;
				CLANG_WARN_ENUM_CONVERSION = YES;
				CLANG_WARN_INT_CONVERSION = YES;
				CLANG_WARN_OBJC_ROOT_CLASS = YES_ERROR;
				CLANG_WARN_UNREACHABLE_CODE = YES;
				CLANG_WARN__DUPLICATE_METHOD_MATCH = YES;
				"CODE_SIGN_IDENTITY[sdk=iphoneos*]" = "iPhone Developer";
				COPY_PHASE_STRIP = NO;
				ENABLE_STRICT_OBJC_MSGSEND = YES;
				GCC_C_LANGUAGE_STANDARD = gnu99;
				GCC_DYNAMIC_NO_PIC = NO;
				GCC_OPTIMIZATION_LEVEL = 0;
				GCC_PREPROCESSOR_DEFINITIONS = (
					"DEBUG=1",
					"$(inherited)",
				);
				GCC_SYMBOLS_PRIVATE_EXTERN = NO;
				GCC_WARN_64_TO_32_BIT_CONVERSION = YES;
				GCC_WARN_ABOUT_RETURN_TYPE = YES_ERROR;
				GCC_WARN_UNDECLARED_SELECTOR = YES;
				GCC_WARN_UNINITIALIZED_AUTOS = YES_AGGRESSIVE;
				GCC_WARN_UNUSED_FUNCTION = YES;
				GCC_WARN_UNUSED_VARIABLE = YES;
				IPHONEOS_DEPLOYMENT_TARGET = 7.1;
				METAL_ENABLE_DEBUG_INFO = YES;
				ONLY_ACTIVE_ARCH = YES;
				SDKROOT = iphoneos;
				SWIFT_OPTIMIZATION_LEVEL = "-Onone";
				TARGETED_DEVICE_FAMILY = "1,2";
			};
			name = Debug;
		};
		FE6BA881196A812E0053E823 /* Release */ = {
			isa = XCBuildConfiguration;
			buildSettings = {
				ALWAYS_SEARCH_USER_PATHS = NO;
				CLANG_CXX_LANGUAGE_STANDARD = "gnu++0x";
				CLANG_CXX_LIBRARY = "libc++";
				CLANG_ENABLE_MODULES = YES;
				CLANG_ENABLE_OBJC_ARC = YES;
				CLANG_WARN_BOOL_CONVERSION = YES;
				CLANG_WARN_CONSTANT_CONVERSION = YES;
				CLANG_WARN_DIRECT_OBJC_ISA_USAGE = YES_ERROR;
				CLANG_WARN_EMPTY_BODY = YES;
				CLANG_WARN_ENUM_CONVERSION = YES;
				CLANG_WARN_INT_CONVERSION = YES;
				CLANG_WARN_OBJC_ROOT_CLASS = YES_ERROR;
				CLANG_WARN_UNREACHABLE_CODE = YES;
				CLANG_WARN__DUPLICATE_METHOD_MATCH = YES;
				"CODE_SIGN_IDENTITY[sdk=iphoneos*]" = "iPhone Developer";
				COPY_PHASE_STRIP = YES;
				ENABLE_NS_ASSERTIONS = NO;
				ENABLE_STRICT_OBJC_MSGSEND = YES;
				GCC_C_LANGUAGE_STANDARD = gnu99;
				GCC_WARN_64_TO_32_BIT_CONVERSION = YES;
				GCC_WARN_ABOUT_RETURN_TYPE = YES_ERROR;
				GCC_WARN_UNDECLARED_SELECTOR = YES;
				GCC_WARN_UNINITIALIZED_AUTOS = YES_AGGRESSIVE;
				GCC_WARN_UNUSED_FUNCTION = YES;
				GCC_WARN_UNUSED_VARIABLE = YES;
				IPHONEOS_DEPLOYMENT_TARGET = 7.1;
				METAL_ENABLE_DEBUG_INFO = NO;
				SDKROOT = iphoneos;
				TARGETED_DEVICE_FAMILY = "1,2";
				VALIDATE_PRODUCT = YES;
			};
			name = Release;
		};
		FE6BA883196A812E0053E823 /* Debug */ = {
			isa = XCBuildConfiguration;
			buildSettings = {
				ASSETCATALOG_COMPILER_APPICON_NAME = AppIcon;
				ASSETCATALOG_COMPILER_LAUNCHIMAGE_NAME = LaunchImage;
				CLANG_ENABLE_MODULES = YES;
				CODE_SIGN_IDENTITY = "iPhone Developer";
				INFOPLIST_FILE = RFL4/Info.plist;
				LD_RUNPATH_SEARCH_PATHS = "$(inherited) @executable_path/Frameworks";
				PRODUCT_NAME = "$(TARGET_NAME)";
				SWIFT_OBJC_BRIDGING_HEADER = "RFL4/RFL4-Bridging-Header.h";
				SWIFT_OPTIMIZATION_LEVEL = "-Onone";
				TARGETED_DEVICE_FAMILY = 2;
			};
			name = Debug;
		};
		FE6BA884196A812E0053E823 /* Release */ = {
			isa = XCBuildConfiguration;
			buildSettings = {
				ASSETCATALOG_COMPILER_APPICON_NAME = AppIcon;
				ASSETCATALOG_COMPILER_LAUNCHIMAGE_NAME = LaunchImage;
				CLANG_ENABLE_MODULES = YES;
				CODE_SIGN_IDENTITY = "iPhone Developer";
				INFOPLIST_FILE = RFL4/Info.plist;
				LD_RUNPATH_SEARCH_PATHS = "$(inherited) @executable_path/Frameworks";
				PRODUCT_NAME = "$(TARGET_NAME)";
				SWIFT_OBJC_BRIDGING_HEADER = "RFL4/RFL4-Bridging-Header.h";
				TARGETED_DEVICE_FAMILY = 2;
			};
			name = Release;
		};
		FE6BA886196A812E0053E823 /* Debug */ = {
			isa = XCBuildConfiguration;
			buildSettings = {
				BUNDLE_LOADER = "$(BUILT_PRODUCTS_DIR)/RFL4.app/RFL4";
				FRAMEWORK_SEARCH_PATHS = (
					"$(SDKROOT)/Developer/Library/Frameworks",
					"$(inherited)",
				);
				GCC_PREPROCESSOR_DEFINITIONS = (
					"DEBUG=1",
					"$(inherited)",
				);
				INFOPLIST_FILE = RFL4Tests/Info.plist;
				LD_RUNPATH_SEARCH_PATHS = "$(inherited) @executable_path/Frameworks @loader_path/Frameworks";
				METAL_ENABLE_DEBUG_INFO = YES;
				PRODUCT_NAME = "$(TARGET_NAME)";
				TEST_HOST = "$(BUNDLE_LOADER)";
			};
			name = Debug;
		};
		FE6BA887196A812E0053E823 /* Release */ = {
			isa = XCBuildConfiguration;
			buildSettings = {
				BUNDLE_LOADER = "$(BUILT_PRODUCTS_DIR)/RFL4.app/RFL4";
				FRAMEWORK_SEARCH_PATHS = (
					"$(SDKROOT)/Developer/Library/Frameworks",
					"$(inherited)",
				);
				INFOPLIST_FILE = RFL4Tests/Info.plist;
				LD_RUNPATH_SEARCH_PATHS = "$(inherited) @executable_path/Frameworks @loader_path/Frameworks";
				METAL_ENABLE_DEBUG_INFO = NO;
				PRODUCT_NAME = "$(TARGET_NAME)";
				TEST_HOST = "$(BUNDLE_LOADER)";
			};
			name = Release;
		};
/* End XCBuildConfiguration section */

/* Begin XCConfigurationList section */
		FE6BA85E196A812D0053E823 /* Build configuration list for PBXProject "RFL4" */ = {
			isa = XCConfigurationList;
			buildConfigurations = (
				FE6BA880196A812E0053E823 /* Debug */,
				FE6BA881196A812E0053E823 /* Release */,
			);
			defaultConfigurationIsVisible = 0;
			defaultConfigurationName = Release;
		};
		FE6BA882196A812E0053E823 /* Build configuration list for PBXNativeTarget "RFL4" */ = {
			isa = XCConfigurationList;
			buildConfigurations = (
				FE6BA883196A812E0053E823 /* Debug */,
				FE6BA884196A812E0053E823 /* Release */,
			);
			defaultConfigurationIsVisible = 0;
			defaultConfigurationName = Release;
		};
		FE6BA885196A812E0053E823 /* Build configuration list for PBXNativeTarget "RFL4Tests" */ = {
			isa = XCConfigurationList;
			buildConfigurations = (
				FE6BA886196A812E0053E823 /* Debug */,
				FE6BA887196A812E0053E823 /* Release */,
			);
			defaultConfigurationIsVisible = 0;
			defaultConfigurationName = Release;
		};
/* End XCConfigurationList section */

/* Begin XCVersionGroup section */
		FE6BA86A196A812D0053E823 /* RFL4.xcdatamodeld */ = {
			isa = XCVersionGroup;
			children = (
				FE6BA86B196A812D0053E823 /* RFL4.xcdatamodel */,
			);
			currentVersion = FE6BA86B196A812D0053E823 /* RFL4.xcdatamodel */;
			path = RFL4.xcdatamodeld;
			sourceTree = "<group>";
			versionGroupType = wrapper.xcdatamodel;
		};
/* End XCVersionGroup section */
	};
	rootObject = FE6BA85B196A812D0053E823 /* Project object */;
}
